
Microsoft Visual Studio Solution File, Format Version 12.00
# Visual Studio Version 16
VisualStudioVersion = 16.0.30523.141
MinimumVisualStudioVersion = 10.0.40219.1
Project("{FAE04EC0-301F-11D3-BF4B-00C04F79EFBC}") = "PracticaFinal4", "PracticaFinal4\PracticaFinal4.csproj", "{2A5759B2-8F09-4630-BFCB-FEDFEB958FBE}"
EndProject
Global
	GlobalSection(SolutionConfigurationPlatforms) = preSolution
		Debug|Any CPU = Debug|Any CPU
		Release|Any CPU = Release|Any CPU
	EndGlobalSection
	GlobalSection(ProjectConfigurationPlatforms) = postSolution
		{2A5759B2-8F09-4630-BFCB-FEDFEB958FBE}.Debug|Any CPU.ActiveCfg = Debug|Any CPU
		{2A5759B2-8F09-4630-BFCB-FEDFEB958FBE}.Debug|Any CPU.Build.0 = Debug|Any CPU
		{2A5759B2-8F09-4630-BFCB-FEDFEB958FBE}.Release|Any CPU.ActiveCfg = Release|Any CPU
		{2A5759B2-8F09-4630-BFCB-FEDFEB958FBE}.Release|Any CPU.Build.0 = Release|Any CPU
	EndGlobalSection
	GlobalSection(SolutionProperties) = preSolution
		HideSolutionNode = FALSE
	EndGlobalSection
	GlobalSection(ExtensibilityGlobals) = postSolution
		SolutionGuid = {55CFF8C1-D382-4FA0-A09E-3DD62DBAC870}
	EndGlobalSection
EndGlobal
