
Microsoft Visual Studio Solution File, Format Version 12.00
# Visual Studio Version 16
VisualStudioVersion = 16.0.30523.141
MinimumVisualStudioVersion = 10.0.40219.1
Project("{FAE04EC0-301F-11D3-BF4B-00C04F79EFBC}") = "PracticaFinal7", "PracticaFinal7\PracticaFinal7.csproj", "{282C4DEF-8EB9-4CA2-A44C-FF771438E5FB}"
EndProject
Project("{FAE04EC0-301F-11D3-BF4B-00C04F79EFBC}") = "admPracticaFinal7", "admPracticaFinal7\admPracticaFinal7.csproj", "{58573547-3D37-4B1A-A4F1-1AA97B6D3D68}"
EndProject
Global
	GlobalSection(SolutionConfigurationPlatforms) = preSolution
		Debug|Any CPU = Debug|Any CPU
		Release|Any CPU = Release|Any CPU
	EndGlobalSection
	GlobalSection(ProjectConfigurationPlatforms) = postSolution
		{282C4DEF-8EB9-4CA2-A44C-FF771438E5FB}.Debug|Any CPU.ActiveCfg = Debug|Any CPU
		{282C4DEF-8EB9-4CA2-A44C-FF771438E5FB}.Debug|Any CPU.Build.0 = Debug|Any CPU
		{282C4DEF-8EB9-4CA2-A44C-FF771438E5FB}.Release|Any CPU.ActiveCfg = Release|Any CPU
		{282C4DEF-8EB9-4CA2-A44C-FF771438E5FB}.Release|Any CPU.Build.0 = Release|Any CPU
		{58573547-3D37-4B1A-A4F1-1AA97B6D3D68}.Debug|Any CPU.ActiveCfg = Debug|Any CPU
		{58573547-3D37-4B1A-A4F1-1AA97B6D3D68}.Debug|Any CPU.Build.0 = Debug|Any CPU
		{58573547-3D37-4B1A-A4F1-1AA97B6D3D68}.Release|Any CPU.ActiveCfg = Release|Any CPU
		{58573547-3D37-4B1A-A4F1-1AA97B6D3D68}.Release|Any CPU.Build.0 = Release|Any CPU
	EndGlobalSection
	GlobalSection(SolutionProperties) = preSolution
		HideSolutionNode = FALSE
	EndGlobalSection
	GlobalSection(ExtensibilityGlobals) = postSolution
		SolutionGuid = {2631D79E-AE30-4C59-80CE-9CF85550FC83}
	EndGlobalSection
EndGlobal
